
Microsoft Visual Studio Solution File, Format Version 12.00
Project("{2150E333-8FDC-42A3-9474-1A3956D46DE8}") = "Lab1", "Lab1", "{FE02A645-6C8E-40AD-B39E-9C85BC93AFD8}"
EndProject
Project("{8BC9CEB8-8B4A-11D0-8D11-00A0C91BC942}") = "Lab1.Task1", "Lab1\Lab1.Task1\Lab1.Task1.vcxproj", "{EB6DAD7D-AA92-440D-9484-2A2CCD1668EE}"
EndProject
Project("{8BC9CEB8-8B4A-11D0-8D11-00A0C91BC942}") = "Lab1.Task2", "Lab1\Lab1.Task2\Lab1.Task2.vcxproj", "{00F3D799-9271-48C7-9C7B-1509B3E35120}"
EndProject
Project("{8BC9CEB8-8B4A-11D0-8D11-00A0C91BC942}") = "Lab1.Task3", "Lab1\Lab1.Task3\Lab1.Task3.vcxproj", "{C60FC290-FA2E-43C7-A07C-4AD688284FEB}"
EndProject
Project("{2150E333-8FDC-42A3-9474-1A3956D46DE8}") = "Lab2", "Lab2", "{DD0BDBA1-2869-4D9E-9A52-4CBECD68DAAE}"
EndProject
Project("{8BC9CEB8-8B4A-11D0-8D11-00A0C91BC942}") = "Lab2.Task1", "Lab2\Lab2.Task1\Lab2.Task1.vcxproj", "{BF3D401B-27C4-477E-BA7F-D014A7DA59A2}"
EndProject
Project("{8BC9CEB8-8B4A-11D0-8D11-00A0C91BC942}") = "Lab2.Task2", "Lab2\Lab2.Task2\Lab2.Task2.vcxproj", "{1FFC2C06-BEB6-469E-8C30-081A682DDA59}"
EndProject
Project("{2150E333-8FDC-42A3-9474-1A3956D46DE8}") = "Lab3", "Lab3", "{40C4577C-164E-45C6-A0B8-D166FAEAA3FD}"
EndProject
Project("{8BC9CEB8-8B4A-11D0-8D11-00A0C91BC942}") = "Lab3.Task1", "Lab3\Lab3.Task1\Lab3.Task1.vcxproj", "{6D15F8ED-313D-4411-BFC8-BF1CB4DFBF86}"
EndProject
Project("{8BC9CEB8-8B4A-11D0-8D11-00A0C91BC942}") = "Lab3.Task2", "Lab3\Lab3.Task2\Lab3.Task2.vcxproj", "{3CEF5E13-9D9F-4A96-94FD-0042FDB1435B}"
EndProject
Project("{8BC9CEB8-8B4A-11D0-8D11-00A0C91BC942}") = "Lab3.Task3", "Lab3\Lab3.Task3\Lab3.Task3.vcxproj", "{B655B38E-01C0-4E16-8984-791C8D769A5A}"
EndProject
Project("{8BC9CEB8-8B4A-11D0-8D11-00A0C91BC942}") = "Lab3.Task4", "Lab3\Lab3.Task4\Lab3.Task4.vcxproj", "{C260CF1C-6533-47F4-84E6-AD358A60C6DD}"
EndProject
Project("{2150E333-8FDC-42A3-9474-1A3956D46DE8}") = "Lab4", "Lab4", "{6FEC54BF-85E2-4753-A6CA-AC69EF764EF0}"
EndProject
Project("{8BC9CEB8-8B4A-11D0-8D11-00A0C91BC942}") = "Lab4.Task1", "Lab4\Lab4.Task1\Lab4.Task1.vcxproj", "{76041F67-A62E-4B33-A3B3-2D1FF14A7393}"
EndProject
Project("{2150E333-8FDC-42A3-9474-1A3956D46DE8}") = "Lab5", "Lab5", "{9C6CD519-68CA-4E36-9807-A5630B4D7767}"
EndProject
Project("{8BC9CEB8-8B4A-11D0-8D11-00A0C91BC942}") = "Lab5.Task1", "Lab5\Lab5.Task1\Lab5.Task1.vcxproj", "{A46F4FB3-B188-4BD5-A51C-F149F8D6C108}"
EndProject
Global
	GlobalSection(SolutionConfigurationPlatforms) = preSolution
		Debug|Win32 = Debug|Win32
		Debug|x64 = Debug|x64
		Release|Win32 = Release|Win32
		Release|x64 = Release|x64
	EndGlobalSection
	GlobalSection(ProjectConfigurationPlatforms) = postSolution
		{EB6DAD7D-AA92-440D-9484-2A2CCD1668EE}.Debug|Win32.ActiveCfg = Debug|Win32
		{EB6DAD7D-AA92-440D-9484-2A2CCD1668EE}.Debug|Win32.Build.0 = Debug|Win32
		{EB6DAD7D-AA92-440D-9484-2A2CCD1668EE}.Debug|x64.ActiveCfg = Debug|x64
		{EB6DAD7D-AA92-440D-9484-2A2CCD1668EE}.Debug|x64.Build.0 = Debug|x64
		{EB6DAD7D-AA92-440D-9484-2A2CCD1668EE}.Release|Win32.ActiveCfg = Release|Win32
		{EB6DAD7D-AA92-440D-9484-2A2CCD1668EE}.Release|Win32.Build.0 = Release|Win32
		{EB6DAD7D-AA92-440D-9484-2A2CCD1668EE}.Release|x64.ActiveCfg = Release|x64
		{EB6DAD7D-AA92-440D-9484-2A2CCD1668EE}.Release|x64.Build.0 = Release|x64
		{00F3D799-9271-48C7-9C7B-1509B3E35120}.Debug|Win32.ActiveCfg = Debug|Win32
		{00F3D799-9271-48C7-9C7B-1509B3E35120}.Debug|Win32.Build.0 = Debug|Win32
		{00F3D799-9271-48C7-9C7B-1509B3E35120}.Debug|x64.ActiveCfg = Debug|x64
		{00F3D799-9271-48C7-9C7B-1509B3E35120}.Debug|x64.Build.0 = Debug|x64
		{00F3D799-9271-48C7-9C7B-1509B3E35120}.Release|Win32.ActiveCfg = Release|Win32
		{00F3D799-9271-48C7-9C7B-1509B3E35120}.Release|Win32.Build.0 = Release|Win32
		{00F3D799-9271-48C7-9C7B-1509B3E35120}.Release|x64.ActiveCfg = Release|x64
		{00F3D799-9271-48C7-9C7B-1509B3E35120}.Release|x64.Build.0 = Release|x64
		{C60FC290-FA2E-43C7-A07C-4AD688284FEB}.Debug|Win32.ActiveCfg = Debug|Win32
		{C60FC290-FA2E-43C7-A07C-4AD688284FEB}.Debug|Win32.Build.0 = Debug|Win32
		{C60FC290-FA2E-43C7-A07C-4AD688284FEB}.Debug|x64.ActiveCfg = Debug|x64
		{C60FC290-FA2E-43C7-A07C-4AD688284FEB}.Debug|x64.Build.0 = Debug|x64
		{C60FC290-FA2E-43C7-A07C-4AD688284FEB}.Release|Win32.ActiveCfg = Release|Win32
		{C60FC290-FA2E-43C7-A07C-4AD688284FEB}.Release|Win32.Build.0 = Release|Win32
		{C60FC290-FA2E-43C7-A07C-4AD688284FEB}.Release|x64.ActiveCfg = Release|x64
		{C60FC290-FA2E-43C7-A07C-4AD688284FEB}.Release|x64.Build.0 = Release|x64
		{BF3D401B-27C4-477E-BA7F-D014A7DA59A2}.Debug|Win32.ActiveCfg = Debug|Win32
		{BF3D401B-27C4-477E-BA7F-D014A7DA59A2}.Debug|Win32.Build.0 = Debug|Win32
		{BF3D401B-27C4-477E-BA7F-D014A7DA59A2}.Debug|x64.ActiveCfg = Debug|x64
		{BF3D401B-27C4-477E-BA7F-D014A7DA59A2}.Debug|x64.Build.0 = Debug|x64
		{BF3D401B-27C4-477E-BA7F-D014A7DA59A2}.Release|Win32.ActiveCfg = Release|Win32
		{BF3D401B-27C4-477E-BA7F-D014A7DA59A2}.Release|Win32.Build.0 = Release|Win32
		{BF3D401B-27C4-477E-BA7F-D014A7DA59A2}.Release|x64.ActiveCfg = Release|x64
		{BF3D401B-27C4-477E-BA7F-D014A7DA59A2}.Release|x64.Build.0 = Release|x64
		{1FFC2C06-BEB6-469E-8C30-081A682DDA59}.Debug|Win32.ActiveCfg = Debug|Win32
		{1FFC2C06-BEB6-469E-8C30-081A682DDA59}.Debug|Win32.Build.0 = Debug|Win32
		{1FFC2C06-BEB6-469E-8C30-081A682DDA59}.Debug|x64.ActiveCfg = Debug|x64
		{1FFC2C06-BEB6-469E-8C30-081A682DDA59}.Debug|x64.Build.0 = Debug|x64
		{1FFC2C06-BEB6-469E-8C30-081A682DDA59}.Release|Win32.ActiveCfg = Release|Win32
		{1FFC2C06-BEB6-469E-8C30-081A682DDA59}.Release|Win32.Build.0 = Release|Win32
		{1FFC2C06-BEB6-469E-8C30-081A682DDA59}.Release|x64.ActiveCfg = Release|x64
		{1FFC2C06-BEB6-469E-8C30-081A682DDA59}.Release|x64.Build.0 = Release|x64
		{6D15F8ED-313D-4411-BFC8-BF1CB4DFBF86}.Debug|Win32.ActiveCfg = Debug|Win32
		{6D15F8ED-313D-4411-BFC8-BF1CB4DFBF86}.Debug|Win32.Build.0 = Debug|Win32
		{6D15F8ED-313D-4411-BFC8-BF1CB4DFBF86}.Debug|x64.ActiveCfg = Debug|x64
		{6D15F8ED-313D-4411-BFC8-BF1CB4DFBF86}.Debug|x64.Build.0 = Debug|x64
		{6D15F8ED-313D-4411-BFC8-BF1CB4DFBF86}.Release|Win32.ActiveCfg = Release|Win32
		{6D15F8ED-313D-4411-BFC8-BF1CB4DFBF86}.Release|Win32.Build.0 = Release|Win32
		{6D15F8ED-313D-4411-BFC8-BF1CB4DFBF86}.Release|x64.ActiveCfg = Release|x64
		{6D15F8ED-313D-4411-BFC8-BF1CB4DFBF86}.Release|x64.Build.0 = Release|x64
		{3CEF5E13-9D9F-4A96-94FD-0042FDB1435B}.Debug|Win32.ActiveCfg = Debug|Win32
		{3CEF5E13-9D9F-4A96-94FD-0042FDB1435B}.Debug|Win32.Build.0 = Debug|Win32
		{3CEF5E13-9D9F-4A96-94FD-0042FDB1435B}.Debug|x64.ActiveCfg = Debug|x64
		{3CEF5E13-9D9F-4A96-94FD-0042FDB1435B}.Debug|x64.Build.0 = Debug|x64
		{3CEF5E13-9D9F-4A96-94FD-0042FDB1435B}.Release|Win32.ActiveCfg = Release|Win32
		{3CEF5E13-9D9F-4A96-94FD-0042FDB1435B}.Release|Win32.Build.0 = Release|Win32
		{3CEF5E13-9D9F-4A96-94FD-0042FDB1435B}.Release|x64.ActiveCfg = Release|x64
		{3CEF5E13-9D9F-4A96-94FD-0042FDB1435B}.Release|x64.Build.0 = Release|x64
		{B655B38E-01C0-4E16-8984-791C8D769A5A}.Debug|Win32.ActiveCfg = Debug|Win32
		{B655B38E-01C0-4E16-8984-791C8D769A5A}.Debug|Win32.Build.0 = Debug|Win32
		{B655B38E-01C0-4E16-8984-791C8D769A5A}.Debug|x64.ActiveCfg = Debug|x64
		{B655B38E-01C0-4E16-8984-791C8D769A5A}.Debug|x64.Build.0 = Debug|x64
		{B655B38E-01C0-4E16-8984-791C8D769A5A}.Release|Win32.ActiveCfg = Release|Win32
		{B655B38E-01C0-4E16-8984-791C8D769A5A}.Release|Win32.Build.0 = Release|Win32
		{B655B38E-01C0-4E16-8984-791C8D769A5A}.Release|x64.ActiveCfg = Release|x64
		{B655B38E-01C0-4E16-8984-791C8D769A5A}.Release|x64.Build.0 = Release|x64
		{C260CF1C-6533-47F4-84E6-AD358A60C6DD}.Debug|Win32.ActiveCfg = Debug|Win32
		{C260CF1C-6533-47F4-84E6-AD358A60C6DD}.Debug|Win32.Build.0 = Debug|Win32
		{C260CF1C-6533-47F4-84E6-AD358A60C6DD}.Debug|x64.ActiveCfg = Debug|x64
		{C260CF1C-6533-47F4-84E6-AD358A60C6DD}.Debug|x64.Build.0 = Debug|x64
		{C260CF1C-6533-47F4-84E6-AD358A60C6DD}.Release|Win32.ActiveCfg = Release|Win32
		{C260CF1C-6533-47F4-84E6-AD358A60C6DD}.Release|Win32.Build.0 = Release|Win32
		{C260CF1C-6533-47F4-84E6-AD358A60C6DD}.Release|x64.ActiveCfg = Release|x64
		{C260CF1C-6533-47F4-84E6-AD358A60C6DD}.Release|x64.Build.0 = Release|x64
		{76041F67-A62E-4B33-A3B3-2D1FF14A7393}.Debug|Win32.ActiveCfg = Debug|Win32
		{76041F67-A62E-4B33-A3B3-2D1FF14A7393}.Debug|Win32.Build.0 = Debug|Win32
		{76041F67-A62E-4B33-A3B3-2D1FF14A7393}.Debug|x64.ActiveCfg = Debug|x64
		{76041F67-A62E-4B33-A3B3-2D1FF14A7393}.Debug|x64.Build.0 = Debug|x64
		{76041F67-A62E-4B33-A3B3-2D1FF14A7393}.Release|Win32.ActiveCfg = Release|Win32
		{76041F67-A62E-4B33-A3B3-2D1FF14A7393}.Release|Win32.Build.0 = Release|Win32
		{76041F67-A62E-4B33-A3B3-2D1FF14A7393}.Release|x64.ActiveCfg = Release|x64
		{76041F67-A62E-4B33-A3B3-2D1FF14A7393}.Release|x64.Build.0 = Release|x64
		{A46F4FB3-B188-4BD5-A51C-F149F8D6C108}.Debug|Win32.ActiveCfg = Debug|Win32
		{A46F4FB3-B188-4BD5-A51C-F149F8D6C108}.Debug|Win32.Build.0 = Debug|Win32
		{A46F4FB3-B188-4BD5-A51C-F149F8D6C108}.Debug|x64.ActiveCfg = Debug|x64
		{A46F4FB3-B188-4BD5-A51C-F149F8D6C108}.Debug|x64.Build.0 = Debug|x64
		{A46F4FB3-B188-4BD5-A51C-F149F8D6C108}.Release|Win32.ActiveCfg = Release|Win32
		{A46F4FB3-B188-4BD5-A51C-F149F8D6C108}.Release|Win32.Build.0 = Release|Win32
		{A46F4FB3-B188-4BD5-A51C-F149F8D6C108}.Release|x64.ActiveCfg = Release|x64
		{A46F4FB3-B188-4BD5-A51C-F149F8D6C108}.Release|x64.Build.0 = Release|x64
	EndGlobalSection
	GlobalSection(NestedProjects) = preSolution
		{EB6DAD7D-AA92-440D-9484-2A2CCD1668EE} = {FE02A645-6C8E-40AD-B39E-9C85BC93AFD8}
		{00F3D799-9271-48C7-9C7B-1509B3E35120} = {FE02A645-6C8E-40AD-B39E-9C85BC93AFD8}
		{C60FC290-FA2E-43C7-A07C-4AD688284FEB} = {FE02A645-6C8E-40AD-B39E-9C85BC93AFD8}
		{BF3D401B-27C4-477E-BA7F-D014A7DA59A2} = {DD0BDBA1-2869-4D9E-9A52-4CBECD68DAAE}
		{1FFC2C06-BEB6-469E-8C30-081A682DDA59} = {DD0BDBA1-2869-4D9E-9A52-4CBECD68DAAE}
		{6D15F8ED-313D-4411-BFC8-BF1CB4DFBF86} = {40C4577C-164E-45C6-A0B8-D166FAEAA3FD}
		{3CEF5E13-9D9F-4A96-94FD-0042FDB1435B} = {40C4577C-164E-45C6-A0B8-D166FAEAA3FD}
		{B655B38E-01C0-4E16-8984-791C8D769A5A} = {40C4577C-164E-45C6-A0B8-D166FAEAA3FD}
		{C260CF1C-6533-47F4-84E6-AD358A60C6DD} = {40C4577C-164E-45C6-A0B8-D166FAEAA3FD}
		{76041F67-A62E-4B33-A3B3-2D1FF14A7393} = {6FEC54BF-85E2-4753-A6CA-AC69EF764EF0}
		{A46F4FB3-B188-4BD5-A51C-F149F8D6C108} = {9C6CD519-68CA-4E36-9807-A5630B4D7767}
	EndGlobalSection
EndGlobal
